{
  "name": "chargrid",
  "version": "0.0.4",
  "lockfileVersion": 1,
  "requires": true,
  "dependencies": {
    "objecty": {
      "version": "1.0.5",
      "resolved": "https://registry.npmjs.org/objecty/-/objecty-1.0.5.tgz",
      "integrity": "sha512-oXDQkdebBQhqAibpPkJMTkK3gMPcDUlsjn4YvMtObpSKwTvZIErPCMOA9iEomD3Q91L997rWlSNPSWQdlHzXgw=="
    }
  }
}
