{
  "name": "chargrid",
  "version": "0.0.4",
  "lockfileVersion": 1,
  "requires": true,
  "dependencies": {
    "objecty": {
      "version": "1.0.4",
      "resolved": "https://registry.npmjs.org/objecty/-/objecty-1.0.4.tgz",
      "integrity": "sha512-tKO0m3L2MuKOsMKSDJJaWZgnZH1ZB6wjcFi9ZjDLSoP7n9CiY49K+psD13z4/fjaI16Ej1w4nlt4X3FK3YeRFA=="
    }
  }
}
